
Microsoft Visual Studio Solution File, Format Version 11.00
# Visual Studio 2010
Project("{F184B08F-C81C-45F6-A57F-5ABD9991F28F}") = "STDEVTEST", "STDEVTEST\STDEVTEST.vbproj", "{9E61CE54-852F-4183-AD56-2274CA740683}"
EndProject
Project("{F184B08F-C81C-45F6-A57F-5ABD9991F28F}") = "JohansenTest", "JohansenTest\JohansenTest.vbproj", "{E1DC90B3-6B56-4963-A387-DF3ADBC5E8F1}"
EndProject
Project("{F184B08F-C81C-45F6-A57F-5ABD9991F28F}") = "ADFTest", "ADFTest\ADFTest.vbproj", "{A7C7A27B-3E6E-4C3A-B75F-789853F9119F}"
EndProject
Global
	GlobalSection(SolutionConfigurationPlatforms) = preSolution
		Debug|x64 = Debug|x64
		Debug|x86 = Debug|x86
		Release|x64 = Release|x64
		Release|x86 = Release|x86
	EndGlobalSection
	GlobalSection(ProjectConfigurationPlatforms) = postSolution
		{9E61CE54-852F-4183-AD56-2274CA740683}.Debug|x64.ActiveCfg = Debug|x64
		{9E61CE54-852F-4183-AD56-2274CA740683}.Debug|x64.Build.0 = Debug|x64
		{9E61CE54-852F-4183-AD56-2274CA740683}.Debug|x86.ActiveCfg = Debug|x86
		{9E61CE54-852F-4183-AD56-2274CA740683}.Debug|x86.Build.0 = Debug|x86
		{9E61CE54-852F-4183-AD56-2274CA740683}.Release|x64.ActiveCfg = Release|x64
		{9E61CE54-852F-4183-AD56-2274CA740683}.Release|x64.Build.0 = Release|x64
		{9E61CE54-852F-4183-AD56-2274CA740683}.Release|x86.ActiveCfg = Release|x86
		{9E61CE54-852F-4183-AD56-2274CA740683}.Release|x86.Build.0 = Release|x86
		{E1DC90B3-6B56-4963-A387-DF3ADBC5E8F1}.Debug|x64.ActiveCfg = Debug|x64
		{E1DC90B3-6B56-4963-A387-DF3ADBC5E8F1}.Debug|x64.Build.0 = Debug|x64
		{E1DC90B3-6B56-4963-A387-DF3ADBC5E8F1}.Debug|x86.ActiveCfg = Debug|x86
		{E1DC90B3-6B56-4963-A387-DF3ADBC5E8F1}.Debug|x86.Build.0 = Debug|x86
		{E1DC90B3-6B56-4963-A387-DF3ADBC5E8F1}.Release|x64.ActiveCfg = Release|x64
		{E1DC90B3-6B56-4963-A387-DF3ADBC5E8F1}.Release|x86.ActiveCfg = Release|x86
		{E1DC90B3-6B56-4963-A387-DF3ADBC5E8F1}.Release|x86.Build.0 = Release|x86
		{A7C7A27B-3E6E-4C3A-B75F-789853F9119F}.Debug|x64.ActiveCfg = Debug|x64
		{A7C7A27B-3E6E-4C3A-B75F-789853F9119F}.Debug|x86.ActiveCfg = Debug|x86
		{A7C7A27B-3E6E-4C3A-B75F-789853F9119F}.Debug|x86.Build.0 = Debug|x86
		{A7C7A27B-3E6E-4C3A-B75F-789853F9119F}.Release|x64.ActiveCfg = Release|x64
		{A7C7A27B-3E6E-4C3A-B75F-789853F9119F}.Release|x86.ActiveCfg = Release|x86
		{A7C7A27B-3E6E-4C3A-B75F-789853F9119F}.Release|x86.Build.0 = Release|x86
	EndGlobalSection
	GlobalSection(SolutionProperties) = preSolution
		HideSolutionNode = FALSE
	EndGlobalSection
EndGlobal
